// !$*UTF8*$!
{
	archiveVersion = 1;
	classes = {
	};
	objectVersion = 51;
	objects = {

/* Begin PBXBuildFile section */
		8482C8BA224869B90096C5D2 /* AppDelegate.swift in Sources */ = {isa = PBXBuildFile; fileRef = 8482C8B9224869B90096C5D2 /* AppDelegate.swift */; };
		8482C8BC224869B90096C5D2 /* ViewController.swift in Sources */ = {isa = PBXBuildFile; fileRef = 8482C8BB224869B90096C5D2 /* ViewController.swift */; };
		8482C8BF224869B90096C5D2 /* Main.storyboard in Resources */ = {isa = PBXBuildFile; fileRef = 8482C8BD224869B90096C5D2 /* Main.storyboard */; };
		8482C8C1224869BA0096C5D2 /* Assets.xcassets in Resources */ = {isa = PBXBuildFile; fileRef = 8482C8C0224869BA0096C5D2 /* Assets.xcassets */; };
		8482C8C4224869BA0096C5D2 /* LaunchScreen.storyboard in Resources */ = {isa = PBXBuildFile; fileRef = 8482C8C2224869BA0096C5D2 /* LaunchScreen.storyboard */; };
		8482C8CE224877C80096C5D2 /* GFGlobalHeader.swift in Sources */ = {isa = PBXBuildFile; fileRef = 8482C8CD224877C80096C5D2 /* GFGlobalHeader.swift */; };
		8482C8D522487F9A0096C5D2 /* KlineDetailController.swift in Sources */ = {isa = PBXBuildFile; fileRef = 8482C8D222487F9A0096C5D2 /* KlineDetailController.swift */; };
		8482C8D8224882D10096C5D2 /* UILabelFixedWidthAndHeightExtension.swift in Sources */ = {isa = PBXBuildFile; fileRef = 8482C8D7224882D10096C5D2 /* UILabelFixedWidthAndHeightExtension.swift */; };
		8482C8DA224886400096C5D2 /* UIColorExtension.swift in Sources */ = {isa = PBXBuildFile; fileRef = 8482C8D9224886400096C5D2 /* UIColorExtension.swift */; };
		8482C8DC22489FFF0096C5D2 /* GFKlineCaculateDataManager.swift in Sources */ = {isa = PBXBuildFile; fileRef = 8482C8DB22489FFF0096C5D2 /* GFKlineCaculateDataManager.swift */; };
		8482C8DE2248A7960096C5D2 /* GFKlineConfigParameters.swift in Sources */ = {isa = PBXBuildFile; fileRef = 8482C8DD2248A7950096C5D2 /* GFKlineConfigParameters.swift */; };
		8482C8E02248B1940096C5D2 /* GFKlineChartBottomView.swift in Sources */ = {isa = PBXBuildFile; fileRef = 8482C8DF2248B1940096C5D2 /* GFKlineChartBottomView.swift */; };
		8482C8E22248B4A40096C5D2 /* GFKlineAndTimeSharetitleModel.swift in Sources */ = {isa = PBXBuildFile; fileRef = 8482C8E12248B4A40096C5D2 /* GFKlineAndTimeSharetitleModel.swift */; };
		D47D9D8222CEE11F9BAEF1EC /* Pods_GFSwifKlineDemo.framework in Frameworks */ = {isa = PBXBuildFile; fileRef = 545DD9D2EF48CB8466C30CF9 /* Pods_GFSwifKlineDemo.framework */; };
/* End PBXBuildFile section */

/* Begin PBXFileReference section */
		17751EABD45E9D24A3D93BFB /* Pods-GFSwifKlineDemo.debug.xcconfig */ = {isa = PBXFileReference; includeInIndex = 1; lastKnownFileType = text.xcconfig; name = "Pods-GFSwifKlineDemo.debug.xcconfig"; path = "Target Support Files/Pods-GFSwifKlineDemo/Pods-GFSwifKlineDemo.debug.xcconfig"; sourceTree = "<group>"; };
		545DD9D2EF48CB8466C30CF9 /* Pods_GFSwifKlineDemo.framework */ = {isa = PBXFileReference; explicitFileType = wrapper.framework; includeInIndex = 0; path = Pods_GFSwifKlineDemo.framework; sourceTree = BUILT_PRODUCTS_DIR; };
		8482C8B6224869B90096C5D2 /* GFSwifKlineDemo.app */ = {isa = PBXFileReference; explicitFileType = wrapper.application; includeInIndex = 0; path = GFSwifKlineDemo.app; sourceTree = BUILT_PRODUCTS_DIR; };
		8482C8B9224869B90096C5D2 /* AppDelegate.swift */ = {isa = PBXFileReference; lastKnownFileType = sourcecode.swift; path = AppDelegate.swift; sourceTree = "<group>"; };
		8482C8BB224869B90096C5D2 /* ViewController.swift */ = {isa = PBXFileReference; lastKnownFileType = sourcecode.swift; path = ViewController.swift; sourceTree = "<group>"; };
		8482C8BE224869B90096C5D2 /* Base */ = {isa = PBXFileReference; lastKnownFileType = file.storyboard; name = Base; path = Base.lproj/Main.storyboard; sourceTree = "<group>"; };
		8482C8C0224869BA0096C5D2 /* Assets.xcassets */ = {isa = PBXFileReference; lastKnownFileType = folder.assetcatalog; path = Assets.xcassets; sourceTree = "<group>"; };
		8482C8C3224869BA0096C5D2 /* Base */ = {isa = PBXFileReference; lastKnownFileType = file.storyboard; name = Base; path = Base.lproj/LaunchScreen.storyboard; sourceTree = "<group>"; };
		8482C8C5224869BA0096C5D2 /* Info.plist */ = {isa = PBXFileReference; lastKnownFileType = text.plist.xml; path = Info.plist; sourceTree = "<group>"; };
		8482C8CD224877C80096C5D2 /* GFGlobalHeader.swift */ = {isa = PBXFileReference; lastKnownFileType = sourcecode.swift; path = GFGlobalHeader.swift; sourceTree = "<group>"; };
		8482C8D222487F9A0096C5D2 /* KlineDetailController.swift */ = {isa = PBXFileReference; fileEncoding = 4; lastKnownFileType = sourcecode.swift; path = KlineDetailController.swift; sourceTree = "<group>"; };
		8482C8D7224882D10096C5D2 /* UILabelFixedWidthAndHeightExtension.swift */ = {isa = PBXFileReference; lastKnownFileType = sourcecode.swift; path = UILabelFixedWidthAndHeightExtension.swift; sourceTree = "<group>"; };
		8482C8D9224886400096C5D2 /* UIColorExtension.swift */ = {isa = PBXFileReference; lastKnownFileType = sourcecode.swift; path = UIColorExtension.swift; sourceTree = "<group>"; };
		8482C8DB22489FFF0096C5D2 /* GFKlineCaculateDataManager.swift */ = {isa = PBXFileReference; lastKnownFileType = sourcecode.swift; path = GFKlineCaculateDataManager.swift; sourceTree = "<group>"; };
		8482C8DD2248A7950096C5D2 /* GFKlineConfigParameters.swift */ = {isa = PBXFileReference; lastKnownFileType = sourcecode.swift; path = GFKlineConfigParameters.swift; sourceTree = "<group>"; };
		8482C8DF2248B1940096C5D2 /* GFKlineChartBottomView.swift */ = {isa = PBXFileReference; lastKnownFileType = sourcecode.swift; path = GFKlineChartBottomView.swift; sourceTree = "<group>"; };
		8482C8E12248B4A40096C5D2 /* GFKlineAndTimeSharetitleModel.swift */ = {isa = PBXFileReference; lastKnownFileType = sourcecode.swift; path = GFKlineAndTimeSharetitleModel.swift; sourceTree = "<group>"; };
		8C1372F52B10FE0BC5F930BF /* Pods-GFSwifKlineDemo.release.xcconfig */ = {isa = PBXFileReference; includeInIndex = 1; lastKnownFileType = text.xcconfig; name = "Pods-GFSwifKlineDemo.release.xcconfig"; path = "Target Support Files/Pods-GFSwifKlineDemo/Pods-GFSwifKlineDemo.release.xcconfig"; sourceTree = "<group>"; };
/* End PBXFileReference section */

/* Begin PBXFrameworksBuildPhase section */
		8482C8B3224869B90096C5D2 /* Frameworks */ = {
			isa = PBXFrameworksBuildPhase;
			buildActionMask = 2147483647;
			files = (
				D47D9D8222CEE11F9BAEF1EC /* Pods_GFSwifKlineDemo.framework in Frameworks */,
			);
			runOnlyForDeploymentPostprocessing = 0;
		};
/* End PBXFrameworksBuildPhase section */

/* Begin PBXGroup section */
		3AF088752250AB396F33530A /* Pods */ = {
			isa = PBXGroup;
			children = (
				17751EABD45E9D24A3D93BFB /* Pods-GFSwifKlineDemo.debug.xcconfig */,
				8C1372F52B10FE0BC5F930BF /* Pods-GFSwifKlineDemo.release.xcconfig */,
			);
			path = Pods;
			sourceTree = "<group>";
		};
		8482C8AD224869B90096C5D2 = {
			isa = PBXGroup;
			children = (
				8482C8B8224869B90096C5D2 /* GFSwifKlineDemo */,
				8482C8B7224869B90096C5D2 /* Products */,
				3AF088752250AB396F33530A /* Pods */,
				AE540260A6EB2FF39599FF9F /* Frameworks */,
			);
			sourceTree = "<group>";
		};
		8482C8B7224869B90096C5D2 /* Products */ = {
			isa = PBXGroup;
			children = (
				8482C8B6224869B90096C5D2 /* GFSwifKlineDemo.app */,
			);
			name = Products;
			sourceTree = "<group>";
		};
		8482C8B8224869B90096C5D2 /* GFSwifKlineDemo */ = {
			isa = PBXGroup;
			children = (
				8482C8CF22487F9A0096C5D2 /* Kline */,
				8482C8B9224869B90096C5D2 /* AppDelegate.swift */,
				8482C8BB224869B90096C5D2 /* ViewController.swift */,
				8482C8CD224877C80096C5D2 /* GFGlobalHeader.swift */,
				8482C8DD2248A7950096C5D2 /* GFKlineConfigParameters.swift */,
				8482C8BD224869B90096C5D2 /* Main.storyboard */,
				8482C8C0224869BA0096C5D2 /* Assets.xcassets */,
				8482C8C2224869BA0096C5D2 /* LaunchScreen.storyboard */,
				8482C8C5224869BA0096C5D2 /* Info.plist */,
			);
			path = GFSwifKlineDemo;
			sourceTree = "<group>";
		};
		8482C8CF22487F9A0096C5D2 /* Kline */ = {
			isa = PBXGroup;
			children = (
				8482C8D6224882460096C5D2 /* CategoryTool */,
				8482C8D122487F9A0096C5D2 /* Controller */,
				8482C8D422487F9A0096C5D2 /* View */,
				8482C8D022487F9A0096C5D2 /* ViewModel */,
				8482C8D322487F9A0096C5D2 /* Model */,
			);
			path = Kline;
			sourceTree = "<group>";
		};
		8482C8D022487F9A0096C5D2 /* ViewModel */ = {
			isa = PBXGroup;
			children = (
			);
			path = ViewModel;
			sourceTree = "<group>";
		};
		8482C8D122487F9A0096C5D2 /* Controller */ = {
			isa = PBXGroup;
			children = (
				8482C8D222487F9A0096C5D2 /* KlineDetailController.swift */,
			);
			path = Controller;
			sourceTree = "<group>";
		};
		8482C8D322487F9A0096C5D2 /* Model */ = {
			isa = PBXGroup;
			children = (
				8482C8DB22489FFF0096C5D2 /* GFKlineCaculateDataManager.swift */,
				8482C8E12248B4A40096C5D2 /* GFKlineAndTimeSharetitleModel.swift */,
			);
			path = Model;
			sourceTree = "<group>";
		};
		8482C8D422487F9A0096C5D2 /* View */ = {
			isa = PBXGroup;
			children = (
				8482C8DF2248B1940096C5D2 /* GFKlineChartBottomView.swift */,
			);
			path = View;
			sourceTree = "<group>";
		};
		8482C8D6224882460096C5D2 /* CategoryTool */ = {
			isa = PBXGroup;
			children = (
				8482C8D7224882D10096C5D2 /* UILabelFixedWidthAndHeightExtension.swift */,
				8482C8D9224886400096C5D2 /* UIColorExtension.swift */,
			);
			path = CategoryTool;
			sourceTree = "<group>";
		};
		AE540260A6EB2FF39599FF9F /* Frameworks */ = {
			isa = PBXGroup;
			children = (
				545DD9D2EF48CB8466C30CF9 /* Pods_GFSwifKlineDemo.framework */,
			);
			name = Frameworks;
			sourceTree = "<group>";
		};
/* End PBXGroup section */

/* Begin PBXNativeTarget section */
		8482C8B5224869B90096C5D2 /* GFSwifKlineDemo */ = {
			isa = PBXNativeTarget;
			buildConfigurationList = 8482C8C8224869BA0096C5D2 /* Build configuration list for PBXNativeTarget "GFSwifKlineDemo" */;
			buildPhases = (
				8C1974C19EBACC35E4E4BBD7 /* [CP] Check Pods Manifest.lock */,
				8482C8B2224869B90096C5D2 /* Sources */,
				8482C8B3224869B90096C5D2 /* Frameworks */,
				8482C8B4224869B90096C5D2 /* Resources */,
				225B82AE3D2F7093B80FDEA5 /* [CP] Embed Pods Frameworks */,
			);
			buildRules = (
			);
			dependencies = (
			);
			name = GFSwifKlineDemo;
			productName = GFSwifKlineDemo;
			productReference = 8482C8B6224869B90096C5D2 /* GFSwifKlineDemo.app */;
			productType = "com.apple.product-type.application";
		};
/* End PBXNativeTarget section */

/* Begin PBXProject section */
		8482C8AE224869B90096C5D2 /* Project object */ = {
			isa = PBXProject;
			attributes = {
				CLASSPREFIX = GFKline;
				LastSwiftUpdateCheck = 1010;
				LastUpgradeCheck = 1010;
				ORGANIZATIONNAME = Admin;
				TargetAttributes = {
					8482C8B5224869B90096C5D2 = {
						CreatedOnToolsVersion = 10.1;
					};
				};
			};
			buildConfigurationList = 8482C8B1224869B90096C5D2 /* Build configuration list for PBXProject "GFSwifKlineDemo" */;
			compatibilityVersion = "Xcode 9.3";
			developmentRegion = en;
			hasScannedForEncodings = 0;
			knownRegions = (
				en,
				Base,
			);
			mainGroup = 8482C8AD224869B90096C5D2;
			productRefGroup = 8482C8B7224869B90096C5D2 /* Products */;
			projectDirPath = "";
			projectRoot = "";
			targets = (
				8482C8B5224869B90096C5D2 /* GFSwifKlineDemo */,
			);
		};
/* End PBXProject section */

/* Begin PBXResourcesBuildPhase section */
		8482C8B4224869B90096C5D2 /* Resources */ = {
			isa = PBXResourcesBuildPhase;
			buildActionMask = 2147483647;
			files = (
				8482C8C4224869BA0096C5D2 /* LaunchScreen.storyboard in Resources */,
				8482C8C1224869BA0096C5D2 /* Assets.xcassets in Resources */,
				8482C8BF224869B90096C5D2 /* Main.storyboard in Resources */,
			);
			runOnlyForDeploymentPostprocessing = 0;
		};
/* End PBXResourcesBuildPhase section */

/* Begin PBXShellScriptBuildPhase section */
		225B82AE3D2F7093B80FDEA5 /* [CP] Embed Pods Frameworks */ = {
			isa = PBXShellScriptBuildPhase;
			buildActionMask = 2147483647;
			files = (
			);
			inputFileListPaths = (
				"${PODS_ROOT}/Target Support Files/Pods-GFSwifKlineDemo/Pods-GFSwifKlineDemo-frameworks-${CONFIGURATION}-input-files.xcfilelist",
			);
			name = "[CP] Embed Pods Frameworks";
			outputFileListPaths = (
				"${PODS_ROOT}/Target Support Files/Pods-GFSwifKlineDemo/Pods-GFSwifKlineDemo-frameworks-${CONFIGURATION}-output-files.xcfilelist",
			);
			runOnlyForDeploymentPostprocessing = 0;
			shellPath = /bin/sh;
			shellScript = "\"${PODS_ROOT}/Target Support Files/Pods-GFSwifKlineDemo/Pods-GFSwifKlineDemo-frameworks.sh\"\n";
			showEnvVarsInLog = 0;
		};
		8C1974C19EBACC35E4E4BBD7 /* [CP] Check Pods Manifest.lock */ = {
			isa = PBXShellScriptBuildPhase;
			buildActionMask = 2147483647;
			files = (
			);
			inputFileListPaths = (
			);
			inputPaths = (
				"${PODS_PODFILE_DIR_PATH}/Podfile.lock",
				"${PODS_ROOT}/Manifest.lock",
			);
			name = "[CP] Check Pods Manifest.lock";
			outputFileListPaths = (
			);
			outputPaths = (
				"$(DERIVED_FILE_DIR)/Pods-GFSwifKlineDemo-checkManifestLockResult.txt",
			);
			runOnlyForDeploymentPostprocessing = 0;
			shellPath = /bin/sh;
			shellScript = "diff \"${PODS_PODFILE_DIR_PATH}/Podfile.lock\" \"${PODS_ROOT}/Manifest.lock\" > /dev/null\nif [ $? != 0 ] ; then\n    # print error to STDERR\n    echo \"error: The sandbox is not in sync with the Podfile.lock. Run 'pod install' or update your CocoaPods installation.\" >&2\n    exit 1\nfi\n# This output is used by Xcode 'outputs' to avoid re-running this script phase.\necho \"SUCCESS\" > \"${SCRIPT_OUTPUT_FILE_0}\"\n";
			showEnvVarsInLog = 0;
		};
/* End PBXShellScriptBuildPhase section */

/* Begin PBXSourcesBuildPhase section */
		8482C8B2224869B90096C5D2 /* Sources */ = {
			isa = PBXSourcesBuildPhase;
			buildActionMask = 2147483647;
			files = (
				8482C8D8224882D10096C5D2 /* UILabelFixedWidthAndHeightExtension.swift in Sources */,
				8482C8D522487F9A0096C5D2 /* KlineDetailController.swift in Sources */,
				8482C8DE2248A7960096C5D2 /* GFKlineConfigParameters.swift in Sources */,
				8482C8DC22489FFF0096C5D2 /* GFKlineCaculateDataManager.swift in Sources */,
				8482C8E02248B1940096C5D2 /* GFKlineChartBottomView.swift in Sources */,
				8482C8BC224869B90096C5D2 /* ViewController.swift in Sources */,
				8482C8E22248B4A40096C5D2 /* GFKlineAndTimeSharetitleModel.swift in Sources */,
				8482C8CE224877C80096C5D2 /* GFGlobalHeader.swift in Sources */,
				8482C8BA224869B90096C5D2 /* AppDelegate.swift in Sources */,
				8482C8DA224886400096C5D2 /* UIColorExtension.swift in Sources */,
			);
			runOnlyForDeploymentPostprocessing = 0;
		};
/* End PBXSourcesBuildPhase section */

/* Begin PBXVariantGroup section */
		8482C8BD224869B90096C5D2 /* Main.storyboard */ = {
			isa = PBXVariantGroup;
			children = (
				8482C8BE224869B90096C5D2 /* Base */,
			);
			name = Main.storyboard;
			sourceTree = "<group>";
		};
		8482C8C2224869BA0096C5D2 /* LaunchScreen.storyboard */ = {
			isa = PBXVariantGroup;
			children = (
				8482C8C3224869BA0096C5D2 /* Base */,
			);
			name = LaunchScreen.storyboard;
			sourceTree = "<group>";
		};
/* End PBXVariantGroup section */

/* Begin XCBuildConfiguration section */
		8482C8C6224869BA0096C5D2 /* Debug */ = {
			isa = XCBuildConfiguration;
			buildSettings = {
				ALWAYS_SEARCH_USER_PATHS = NO;
				CLANG_ANALYZER_NONNULL = YES;
				CLANG_ANALYZER_NUMBER_OBJECT_CONVERSION = YES_AGGRESSIVE;
				CLANG_CXX_LANGUAGE_STANDARD = "gnu++14";
				CLANG_CXX_LIBRARY = "libc++";
				CLANG_ENABLE_MODULES = YES;
				CLANG_ENABLE_OBJC_ARC = YES;
				CLANG_ENABLE_OBJC_WEAK = YES;
				CLANG_WARN_BLOCK_CAPTURE_AUTORELEASING = YES;
				CLANG_WARN_BOOL_CONVERSION = YES;
				CLANG_WARN_COMMA = YES;
				CLANG_WARN_CONSTANT_CONVERSION = YES;
				CLANG_WARN_DEPRECATED_OBJC_IMPLEMENTATIONS = YES;
				CLANG_WARN_DIRECT_OBJC_ISA_USAGE = YES_ERROR;
				CLANG_WARN_DOCUMENTATION_COMMENTS = YES;
				CLANG_WARN_EMPTY_BODY = YES;
				CLANG_WARN_ENUM_CONVERSION = YES;
				CLANG_WARN_INFINITE_RECURSION = YES;
				CLANG_WARN_INT_CONVERSION = YES;
				CLANG_WARN_NON_LITERAL_NULL_CONVERSION = YES;
				CLANG_WARN_OBJC_IMPLICIT_RETAIN_SELF = YES;
				CLANG_WARN_OBJC_LITERAL_CONVERSION = YES;
				CLANG_WARN_OBJC_ROOT_CLASS = YES_ERROR;
				CLANG_WARN_RANGE_LOOP_ANALYSIS = YES;
				CLANG_WARN_STRICT_PROTOTYPES = YES;
				CLANG_WARN_SUSPICIOUS_MOVE = YES;
				CLANG_WARN_UNGUARDED_AVAILABILITY = YES_AGGRESSIVE;
				CLANG_WARN_UNREACHABLE_CODE = YES;
				CLANG_WARN__DUPLICATE_METHOD_MATCH = YES;
				CODE_SIGN_IDENTITY = "iPhone Developer";
				COPY_PHASE_STRIP = NO;
				DEBUG_INFORMATION_FORMAT = dwarf;
				ENABLE_STRICT_OBJC_MSGSEND = YES;
				ENABLE_TESTABILITY = YES;
				GCC_C_LANGUAGE_STANDARD = gnu11;
				GCC_DYNAMIC_NO_PIC = NO;
				GCC_NO_COMMON_BLOCKS = YES;
				GCC_OPTIMIZATION_LEVEL = 0;
				GCC_PREPROCESSOR_DEFINITIONS = (
					"DEBUG=1",
					"$(inherited)",
				);
				GCC_WARN_64_TO_32_BIT_CONVERSION = YES;
				GCC_WARN_ABOUT_RETURN_TYPE = YES_ERROR;
				GCC_WARN_UNDECLARED_SELECTOR = YES;
				GCC_WARN_UNINITIALIZED_AUTOS = YES_AGGRESSIVE;
				GCC_WARN_UNUSED_FUNCTION = YES;
				GCC_WARN_UNUSED_VARIABLE = YES;
				IPHONEOS_DEPLOYMENT_TARGET = 12.1;
				MTL_ENABLE_DEBUG_INFO = INCLUDE_SOURCE;
				MTL_FAST_MATH = YES;
				ONLY_ACTIVE_ARCH = YES;
				SDKROOT = iphoneos;
				SWIFT_ACTIVE_COMPILATION_CONDITIONS = DEBUG;
				SWIFT_OPTIMIZATION_LEVEL = "-Onone";
			};
			name = Debug;
		};
		8482C8C7224869BA0096C5D2 /* Release */ = {
			isa = XCBuildConfiguration;
			buildSettings = {
				ALWAYS_SEARCH_USER_PATHS = NO;
				CLANG_ANALYZER_NONNULL = YES;
				CLANG_ANALYZER_NUMBER_OBJECT_CONVERSION = YES_AGGRESSIVE;
				CLANG_CXX_LANGUAGE_STANDARD = "gnu++14";
				CLANG_CXX_LIBRARY = "libc++";
				CLANG_ENABLE_MODULES = YES;
				CLANG_ENABLE_OBJC_ARC = YES;
				CLANG_ENABLE_OBJC_WEAK = YES;
				CLANG_WARN_BLOCK_CAPTURE_AUTORELEASING = YES;
				CLANG_WARN_BOOL_CONVERSION = YES;
				CLANG_WARN_COMMA = YES;
				CLANG_WARN_CONSTANT_CONVERSION = YES;
				CLANG_WARN_DEPRECATED_OBJC_IMPLEMENTATIONS = YES;
				CLANG_WARN_DIRECT_OBJC_ISA_USAGE = YES_ERROR;
				CLANG_WARN_DOCUMENTATION_COMMENTS = YES;
				CLANG_WARN_EMPTY_BODY = YES;
				CLANG_WARN_ENUM_CONVERSION = YES;
				CLANG_WARN_INFINITE_RECURSION = YES;
				CLANG_WARN_INT_CONVERSION = YES;
				CLANG_WARN_NON_LITERAL_NULL_CONVERSION = YES;
				CLANG_WARN_OBJC_IMPLICIT_RETAIN_SELF = YES;
				CLANG_WARN_OBJC_LITERAL_CONVERSION = YES;
				CLANG_WARN_OBJC_ROOT_CLASS = YES_ERROR;
				CLANG_WARN_RANGE_LOOP_ANALYSIS = YES;
				CLANG_WARN_STRICT_PROTOTYPES = YES;
				CLANG_WARN_SUSPICIOUS_MOVE = YES;
				CLANG_WARN_UNGUARDED_AVAILABILITY = YES_AGGRESSIVE;
				CLANG_WARN_UNREACHABLE_CODE = YES;
				CLANG_WARN__DUPLICATE_METHOD_MATCH = YES;
				CODE_SIGN_IDENTITY = "iPhone Developer";
				COPY_PHASE_STRIP = NO;
				DEBUG_INFORMATION_FORMAT = "dwarf-with-dsym";
				ENABLE_NS_ASSERTIONS = NO;
				ENABLE_STRICT_OBJC_MSGSEND = YES;
				GCC_C_LANGUAGE_STANDARD = gnu11;
				GCC_NO_COMMON_BLOCKS = YES;
				GCC_WARN_64_TO_32_BIT_CONVERSION = YES;
				GCC_WARN_ABOUT_RETURN_TYPE = YES_ERROR;
				GCC_WARN_UNDECLARED_SELECTOR = YES;
				GCC_WARN_UNINITIALIZED_AUTOS = YES_AGGRESSIVE;
				GCC_WARN_UNUSED_FUNCTION = YES;
				GCC_WARN_UNUSED_VARIABLE = YES;
				IPHONEOS_DEPLOYMENT_TARGET = 12.1;
				MTL_ENABLE_DEBUG_INFO = NO;
				MTL_FAST_MATH = YES;
				SDKROOT = iphoneos;
				SWIFT_COMPILATION_MODE = wholemodule;
				SWIFT_OPTIMIZATION_LEVEL = "-O";
				VALIDATE_PRODUCT = YES;
			};
			name = Release;
		};
		8482C8C9224869BA0096C5D2 /* Debug */ = {
			isa = XCBuildConfiguration;
			baseConfigurationReference = 17751EABD45E9D24A3D93BFB /* Pods-GFSwifKlineDemo.debug.xcconfig */;
			buildSettings = {
				ASSETCATALOG_COMPILER_APPICON_NAME = AppIcon;
				CODE_SIGN_STYLE = Automatic;
				DEVELOPMENT_TEAM = 2672TY37HZ;
				INFOPLIST_FILE = GFSwifKlineDemo/Info.plist;
				IPHONEOS_DEPLOYMENT_TARGET = 10.0;
				LD_RUNPATH_SEARCH_PATHS = (
					"$(inherited)",
					"@executable_path/Frameworks",
				);
				PRODUCT_BUNDLE_IDENTIFIER = com.winterjiao.GFSwifKlineDemo;
				PRODUCT_NAME = "$(TARGET_NAME)";
				SWIFT_VERSION = 4.2;
				TARGETED_DEVICE_FAMILY = "1,2";
			};
			name = Debug;
		};
		8482C8CA224869BA0096C5D2 /* Release */ = {
			isa = XCBuildConfiguration;
			baseConfigurationReference = 8C1372F52B10FE0BC5F930BF /* Pods-GFSwifKlineDemo.release.xcconfig */;
			buildSettings = {
				ASSETCATALOG_COMPILER_APPICON_NAME = AppIcon;
				CODE_SIGN_STYLE = Automatic;
				DEVELOPMENT_TEAM = 2672TY37HZ;
				INFOPLIST_FILE = GFSwifKlineDemo/Info.plist;
				IPHONEOS_DEPLOYMENT_TARGET = 10.0;
				LD_RUNPATH_SEARCH_PATHS = (
					"$(inherited)",
					"@executable_path/Frameworks",
				);
				PRODUCT_BUNDLE_IDENTIFIER = com.winterjiao.GFSwifKlineDemo;
				PRODUCT_NAME = "$(TARGET_NAME)";
				SWIFT_VERSION = 4.2;
				TARGETED_DEVICE_FAMILY = "1,2";
			};
			name = Release;
		};
/* End XCBuildConfiguration section */

/* Begin XCConfigurationList section */
		8482C8B1224869B90096C5D2 /* Build configuration list for PBXProject "GFSwifKlineDemo" */ = {
			isa = XCConfigurationList;
			buildConfigurations = (
				8482C8C6224869BA0096C5D2 /* Debug */,
				8482C8C7224869BA0096C5D2 /* Release */,
			);
			defaultConfigurationIsVisible = 0;
			defaultConfigurationName = Release;
		};
		8482C8C8224869BA0096C5D2 /* Build configuration list for PBXNativeTarget "GFSwifKlineDemo" */ = {
			isa = XCConfigurationList;
			buildConfigurations = (
				8482C8C9224869BA0096C5D2 /* Debug */,
				8482C8CA224869BA0096C5D2 /* Release */,
			);
			defaultConfigurationIsVisible = 0;
			defaultConfigurationName = Release;
		};
/* End XCConfigurationList section */
	};
	rootObject = 8482C8AE224869B90096C5D2 /* Project object */;
}
